# THIS IS AN AUTOGENERATED FILE. DO NOT EDIT THIS FILE DIRECTLY.
# yarn lockfile v1


"@npmtuanmap/aperiam-natus-quis-autem@npmtuanmap/aperiam-natus-quis-autem":
  version "1.0.5"
  resolved "https://codeload.github.com/npmtuanmap/aperiam-natus-quis-autem/tar.gz/0b53668bc977b92ae6552ca39ed3f409b42e4c51"

"@npmtuanmap/ex-vel-expedita-impedit@npmtuanmap/ex-vel-expedita-impedit":
  version "1.0.5"
  resolved "https://codeload.github.com/npmtuanmap/ex-vel-expedita-impedit/tar.gz/fd2ea91e8731fda370f57c493da6189e3634c867"

"@npmtuanmap/psychic-guide@npmtuanmap/psychic-guide":
  version "2.0.3"
  resolved "https://codeload.github.com/npmtuanmap/psychic-guide/tar.gz/2edf747add30ae3b7466d2d1e7a3fe7a881d74bd"

"@npmtuanmap/recusandae-recusandae-nam-et@npmtuanmap/recusandae-recusandae-nam-et":
  version "1.1.4"
  resolved "https://codeload.github.com/npmtuanmap/recusandae-recusandae-nam-et/tar.gz/9d32eaa4039cb850d3a69191b94b8b7e7aa1f3a9"

"@npmtuanmap/sed-quo-nemo-rerum@npmtuanmap/sed-quo-nemo-rerum":
  version "1.0.5"
  resolved "https://codeload.github.com/npmtuanmap/sed-quo-nemo-rerum/tar.gz/abf515bd466dad7918c35bb712e121b3103ee749"

"@npmtuanmap/tenetur-quisquam-quia-aliquam@npmtuanmap/tenetur-quisquam-quia-aliquam":
  version "1.1.4"
  resolved "https://codeload.github.com/npmtuanmap/tenetur-quisquam-quia-aliquam/tar.gz/96a62679b29233e715f6fa1d19881b41abeb3e57"

"@npmtuanmap/ut-quas-amet-possimus@npmtuanmap/ut-quas-amet-possimus":
  version "1.0.5"
  resolved "https://codeload.github.com/npmtuanmap/ut-quas-amet-possimus/tar.gz/13d8fb33a7bb647cfac2e02ee4246bb5e2ae9f02"

"@npmtuanmap/velit-esse-velit-magnam@npmtuanmap/velit-esse-velit-magnam":
  version "1.0.5"
  resolved "https://codeload.github.com/npmtuanmap/velit-esse-velit-magnam/tar.gz/c2120184d5574bd9581a87ce24fca83cd928068b"

"@npmtuanmap/velit-nobis-nostrum-nam@npmtuanmap/velit-nobis-nostrum-nam":
  version "1.0.5"
  resolved "https://codeload.github.com/npmtuanmap/velit-nobis-nostrum-nam/tar.gz/715123f24cc8b44fca7adda19981386cac9bd6b2"
